{
  "nodes": {
    "home-manager": {
      "inputs": {
        "nixpkgs": [
          "nixpkgs"
        ]
      },
      "locked": {
        "lastModified": 1722202622,
        "narHash": "sha256-AOe1F9EbQpcluAP+mq+i8T3/OfMu7ALiQtSdF+oAJRE=",
        "owner": "nix-community",
        "repo": "home-manager",
        "rev": "587fcca66e9d11c8e2357053c096a8a727c120ab",
        "type": "github"
      },
      "original": {
        "owner": "nix-community",
        "repo": "home-manager",
        "type": "github"
      }
    },
    "nixpkgs": {
      "locked": {
        "lastModified": 1722206233,
        "narHash": "sha256-aQL9wCAynoNe8wyBReWz9JB2xZaXWwdR46oDD9ampog=",
        "owner": "NixOS",
        "repo": "nixpkgs",
        "rev": "1bd4d2fb42d1e6e8b4820fbbe62a3393a60d3d86",
        "type": "github"
      },
      "original": {
        "owner": "NixOS",
        "repo": "nixpkgs",
        "type": "github"
      }
    },
    "root": {
      "inputs": {
        "home-manager": "home-manager",
        "nixpkgs": "nixpkgs"
      }
    }
  },
  "root": "root",
  "version": 7
}
